
Microsoft Visual Studio Solution File, Format Version 12.00
# Visual Studio Version 17
VisualStudioVersion = 17.3.32819.101
MinimumVisualStudioVersion = 10.0.40219.1
Project("{FAE04EC0-301F-11D3-BF4B-00C04F79EFBC}") = "DriversService", "DriversService\DriversService.csproj", "{AD609542-FFD3-452D-B413-8F54EBFF8139}"
EndProject
Global
	GlobalSection(SolutionConfigurationPlatforms) = preSolution
		Debug|Any CPU = Debug|Any CPU
		Release|Any CPU = Release|Any CPU
	EndGlobalSection
	GlobalSection(ProjectConfigurationPlatforms) = postSolution
		{AD609542-FFD3-452D-B413-8F54EBFF8139}.Debug|Any CPU.ActiveCfg = Debug|Any CPU
		{AD609542-FFD3-452D-B413-8F54EBFF8139}.Debug|Any CPU.Build.0 = Debug|Any CPU
		{AD609542-FFD3-452D-B413-8F54EBFF8139}.Release|Any CPU.ActiveCfg = Release|Any CPU
		{AD609542-FFD3-452D-B413-8F54EBFF8139}.Release|Any CPU.Build.0 = Release|Any CPU
	EndGlobalSection
	GlobalSection(SolutionProperties) = preSolution
		HideSolutionNode = FALSE
	EndGlobalSection
	GlobalSection(ExtensibilityGlobals) = postSolution
		SolutionGuid = {B8999EE9-A97A-475C-8EFB-B61A1B0C770D}
	EndGlobalSection
EndGlobal
